
Microsoft Visual Studio Solution File, Format Version 12.00
# Visual Studio Version 16
VisualStudioVersion = 16.0.31105.61
MinimumVisualStudioVersion = 10.0.40219.1
Project("{2150E333-8FDC-42A3-9474-1A3956D46DE8}") = "1. Project", "1. Project", "{3210D7A3-3AF4-4B4D-894A-2DAA0C057DEE}"
EndProject
Project("{2150E333-8FDC-42A3-9474-1A3956D46DE8}") = "2. Feature", "2. Feature", "{9F8FE520-6B55-41AA-A91A-6F72B3D65278}"
EndProject
Project("{2150E333-8FDC-42A3-9474-1A3956D46DE8}") = "3. Foundation", "3. Foundation", "{8F2B9533-3542-4487-B095-BA86540CE19C}"
EndProject
Project("{2150E333-8FDC-42A3-9474-1A3956D46DE8}") = "FormFieldsMapper", "FormFieldsMapper", "{B7A6F440-EA1C-4A87-8276-13A85E581ACD}"
EndProject
Project("{FAE04EC0-301F-11D3-BF4B-00C04F79EFBC}") = "SitecoreMods.Feature.FormFieldsMapper", "src\Feature\FormFieldsMapper\code\SitecoreMods.Feature.FormFieldsMapper\SitecoreMods.Feature.FormFieldsMapper.csproj", "{144FBF62-4E9F-4E44-A74D-9D802E900DD7}"
EndProject
Global
	GlobalSection(SolutionConfigurationPlatforms) = preSolution
		Debug|Any CPU = Debug|Any CPU
		Release|Any CPU = Release|Any CPU
	EndGlobalSection
	GlobalSection(ProjectConfigurationPlatforms) = postSolution
		{144FBF62-4E9F-4E44-A74D-9D802E900DD7}.Debug|Any CPU.ActiveCfg = Debug|Any CPU
		{144FBF62-4E9F-4E44-A74D-9D802E900DD7}.Debug|Any CPU.Build.0 = Debug|Any CPU
		{144FBF62-4E9F-4E44-A74D-9D802E900DD7}.Release|Any CPU.ActiveCfg = Release|Any CPU
		{144FBF62-4E9F-4E44-A74D-9D802E900DD7}.Release|Any CPU.Build.0 = Release|Any CPU
	EndGlobalSection
	GlobalSection(SolutionProperties) = preSolution
		HideSolutionNode = FALSE
	EndGlobalSection
	GlobalSection(NestedProjects) = preSolution
		{B7A6F440-EA1C-4A87-8276-13A85E581ACD} = {9F8FE520-6B55-41AA-A91A-6F72B3D65278}
		{144FBF62-4E9F-4E44-A74D-9D802E900DD7} = {B7A6F440-EA1C-4A87-8276-13A85E581ACD}
	EndGlobalSection
	GlobalSection(ExtensibilityGlobals) = postSolution
		SolutionGuid = {BE936586-8561-466B-8242-2C9115FA3C96}
	EndGlobalSection
EndGlobal
